Microsoft Visual Studio Solution File, Format Version 12.00
# Visual Studio 15
Project("{8BC9CEB8-8B4A-11D0-8D11-00A0C91BC942}") = "ALL_BUILD", "ALL_BUILD.vcxproj", "{7591180D-9687-3AB9-A628-98E746C3D0F7}"
	ProjectSection(ProjectDependencies) = postProject
		{83D28D4D-C661-338A-8926-019B9E4CE5FF} = {83D28D4D-C661-338A-8926-019B9E4CE5FF}
		{7756EB63-2CF1-3501-A6EF-2C82FA30060A} = {7756EB63-2CF1-3501-A6EF-2C82FA30060A}
		{60121349-1D1D-35B2-818E-12E31DB10099} = {60121349-1D1D-35B2-818E-12E31DB10099}
		{FE386556-03B5-341C-9041-DA256C343C83} = {FE386556-03B5-341C-9041-DA256C343C83}
	EndProjectSection
EndProject
Project("{8BC9CEB8-8B4A-11D0-8D11-00A0C91BC942}") = "SalariesCompleted", "SalariesCompleted.vcxproj", "{83D28D4D-C661-338A-8926-019B9E4CE5FF}"
	ProjectSection(ProjectDependencies) = postProject
		{FE386556-03B5-341C-9041-DA256C343C83} = {FE386556-03B5-341C-9041-DA256C343C83}
	EndProjectSection
EndProject
Project("{8BC9CEB8-8B4A-11D0-8D11-00A0C91BC942}") = "SalariesOriginal", "..\..\Workshops\SalariesOriginal\SalariesOriginal.vcxproj", "{7756EB63-2CF1-3501-A6EF-2C82FA30060A}"
	ProjectSection(ProjectDependencies) = postProject
		{FE386556-03B5-341C-9041-DA256C343C83} = {FE386556-03B5-341C-9041-DA256C343C83}
	EndProjectSection
EndProject
Project("{8BC9CEB8-8B4A-11D0-8D11-00A0C91BC942}") = "SalariesWorkshop", "..\..\Workshops\SalariesWorkshop\SalariesWorkshop.vcxproj", "{60121349-1D1D-35B2-818E-12E31DB10099}"
	ProjectSection(ProjectDependencies) = postProject
		{FE386556-03B5-341C-9041-DA256C343C83} = {FE386556-03B5-341C-9041-DA256C343C83}
	EndProjectSection
EndProject
Project("{8BC9CEB8-8B4A-11D0-8D11-00A0C91BC942}") = "ZERO_CHECK", "..\..\\ZERO_CHECK.vcxproj", "{FE386556-03B5-341C-9041-DA256C343C83}"
	ProjectSection(ProjectDependencies) = postProject
	EndProjectSection
EndProject
Global
	GlobalSection(SolutionConfigurationPlatforms) = preSolution
		Debug|Win32 = Debug|Win32
		Release|Win32 = Release|Win32
		MinSizeRel|Win32 = MinSizeRel|Win32
		RelWithDebInfo|Win32 = RelWithDebInfo|Win32
	EndGlobalSection
	GlobalSection(ProjectConfigurationPlatforms) = postSolution
		{7591180D-9687-3AB9-A628-98E746C3D0F7}.Debug|Win32.ActiveCfg = Debug|Win32
		{7591180D-9687-3AB9-A628-98E746C3D0F7}.Release|Win32.ActiveCfg = Release|Win32
		{7591180D-9687-3AB9-A628-98E746C3D0F7}.MinSizeRel|Win32.ActiveCfg = MinSizeRel|Win32
		{7591180D-9687-3AB9-A628-98E746C3D0F7}.RelWithDebInfo|Win32.ActiveCfg = RelWithDebInfo|Win32
		{83D28D4D-C661-338A-8926-019B9E4CE5FF}.Debug|Win32.ActiveCfg = Debug|Win32
		{83D28D4D-C661-338A-8926-019B9E4CE5FF}.Debug|Win32.Build.0 = Debug|Win32
		{83D28D4D-C661-338A-8926-019B9E4CE5FF}.Release|Win32.ActiveCfg = Release|Win32
		{83D28D4D-C661-338A-8926-019B9E4CE5FF}.Release|Win32.Build.0 = Release|Win32
		{83D28D4D-C661-338A-8926-019B9E4CE5FF}.MinSizeRel|Win32.ActiveCfg = MinSizeRel|Win32
		{83D28D4D-C661-338A-8926-019B9E4CE5FF}.MinSizeRel|Win32.Build.0 = MinSizeRel|Win32
		{83D28D4D-C661-338A-8926-019B9E4CE5FF}.RelWithDebInfo|Win32.ActiveCfg = RelWithDebInfo|Win32
		{83D28D4D-C661-338A-8926-019B9E4CE5FF}.RelWithDebInfo|Win32.Build.0 = RelWithDebInfo|Win32
		{7756EB63-2CF1-3501-A6EF-2C82FA30060A}.Debug|Win32.ActiveCfg = Debug|Win32
		{7756EB63-2CF1-3501-A6EF-2C82FA30060A}.Debug|Win32.Build.0 = Debug|Win32
		{7756EB63-2CF1-3501-A6EF-2C82FA30060A}.Release|Win32.ActiveCfg = Release|Win32
		{7756EB63-2CF1-3501-A6EF-2C82FA30060A}.Release|Win32.Build.0 = Release|Win32
		{7756EB63-2CF1-3501-A6EF-2C82FA30060A}.MinSizeRel|Win32.ActiveCfg = MinSizeRel|Win32
		{7756EB63-2CF1-3501-A6EF-2C82FA30060A}.MinSizeRel|Win32.Build.0 = MinSizeRel|Win32
		{7756EB63-2CF1-3501-A6EF-2C82FA30060A}.RelWithDebInfo|Win32.ActiveCfg = RelWithDebInfo|Win32
		{7756EB63-2CF1-3501-A6EF-2C82FA30060A}.RelWithDebInfo|Win32.Build.0 = RelWithDebInfo|Win32
		{60121349-1D1D-35B2-818E-12E31DB10099}.Debug|Win32.ActiveCfg = Debug|Win32
		{60121349-1D1D-35B2-818E-12E31DB10099}.Debug|Win32.Build.0 = Debug|Win32
		{60121349-1D1D-35B2-818E-12E31DB10099}.Release|Win32.ActiveCfg = Release|Win32
		{60121349-1D1D-35B2-818E-12E31DB10099}.Release|Win32.Build.0 = Release|Win32
		{60121349-1D1D-35B2-818E-12E31DB10099}.MinSizeRel|Win32.ActiveCfg = MinSizeRel|Win32
		{60121349-1D1D-35B2-818E-12E31DB10099}.MinSizeRel|Win32.Build.0 = MinSizeRel|Win32
		{60121349-1D1D-35B2-818E-12E31DB10099}.RelWithDebInfo|Win32.ActiveCfg = RelWithDebInfo|Win32
		{60121349-1D1D-35B2-818E-12E31DB10099}.RelWithDebInfo|Win32.Build.0 = RelWithDebInfo|Win32
		{FE386556-03B5-341C-9041-DA256C343C83}.Debug|Win32.ActiveCfg = Debug|Win32
		{FE386556-03B5-341C-9041-DA256C343C83}.Debug|Win32.Build.0 = Debug|Win32
		{FE386556-03B5-341C-9041-DA256C343C83}.Release|Win32.ActiveCfg = Release|Win32
		{FE386556-03B5-341C-9041-DA256C343C83}.Release|Win32.Build.0 = Release|Win32
		{FE386556-03B5-341C-9041-DA256C343C83}.MinSizeRel|Win32.ActiveCfg = MinSizeRel|Win32
		{FE386556-03B5-341C-9041-DA256C343C83}.MinSizeRel|Win32.Build.0 = MinSizeRel|Win32
		{FE386556-03B5-341C-9041-DA256C343C83}.RelWithDebInfo|Win32.ActiveCfg = RelWithDebInfo|Win32
		{FE386556-03B5-341C-9041-DA256C343C83}.RelWithDebInfo|Win32.Build.0 = RelWithDebInfo|Win32
	EndGlobalSection
	GlobalSection(ExtensibilityGlobals) = postSolution
		SolutionGuid = {67AF0A24-3888-3D90-941F-BACBEA9A1C39}
	EndGlobalSection
	GlobalSection(ExtensibilityAddIns) = postSolution
	EndGlobalSection
EndGlobal
