<?xml version="1.0" encoding="utf-8"?>
<Project ToolsVersion="15.0" xmlns="http://schemas.microsoft.com/developer/msbuild/2003">
  <ItemGroup>
    <ClCompile Include="C:\Users\tc\Programming\Cpp\Courses\CleanCodeCppCatch\Workshops\Point\point.cpp">
      <Filter>Source Files</Filter>
    </ClCompile>
  </ItemGroup>
  <ItemGroup>
    <ClInclude Include="C:\Users\tc\Programming\Cpp\Courses\CleanCodeCppCatch\Workshops\Point\encapsulated_point.h">
      <Filter>Header Files</Filter>
    </ClInclude>
    <ClInclude Include="C:\Users\tc\Programming\Cpp\Courses\CleanCodeCppCatch\Workshops\Point\raw_point.h">
      <Filter>Header Files</Filter>
    </ClInclude>
  </ItemGroup>
  <ItemGroup>
    <CustomBuild Include="C:\Users\tc\Programming\Cpp\Courses\CleanCodeCppCatch\Workshops\Point\CMakeLists.txt" />
  </ItemGroup>
  <ItemGroup>
    <Filter Include="Header Files">
      <UniqueIdentifier>{CDD3466C-2239-3729-8325-CC2764062AF6}</UniqueIdentifier>
    </Filter>
    <Filter Include="Source Files">
      <UniqueIdentifier>{C84BE071-7A6E-373B-859F-151179B3D0CC}</UniqueIdentifier>
    </Filter>
  </ItemGroup>
</Project>
