
Microsoft Visual Studio Solution File, Format Version 12.00
# Visual Studio 15
Project("{8BC9CEB8-8B4A-11D0-8D11-00A0C91BC942}") = "ALL_BUILD", "ALL_BUILD.vcxproj", "{7591180D-9687-3AB9-A628-98E746C3D0F7}"
	ProjectSection(ProjectDependencies) = postProject
		{98108B6E-CD4E-3292-98B3-2726A66FDC3A} = {98108B6E-CD4E-3292-98B3-2726A66FDC3A}
		{FE386556-03B5-341C-9041-DA256C343C83} = {FE386556-03B5-341C-9041-DA256C343C83}
	EndProjectSection
EndProject
Project("{8BC9CEB8-8B4A-11D0-8D11-00A0C91BC942}") = "Catch2", "..\..\External\Catch2\src\Catch2.vcxproj", "{D3C848BE-7A23-3F0B-9E9B-EA7B53EF85A5}"
	ProjectSection(ProjectDependencies) = postProject
		{FE386556-03B5-341C-9041-DA256C343C83} = {FE386556-03B5-341C-9041-DA256C343C83}
	EndProjectSection
EndProject
Project("{8BC9CEB8-8B4A-11D0-8D11-00A0C91BC942}") = "Catch2WithMain", "..\..\External\Catch2\src\Catch2WithMain.vcxproj", "{5D7F0FE5-B64C-3096-B6D0-4850F5FD1021}"
	ProjectSection(ProjectDependencies) = postProject
		{D3C848BE-7A23-3F0B-9E9B-EA7B53EF85A5} = {D3C848BE-7A23-3F0B-9E9B-EA7B53EF85A5}
		{FE386556-03B5-341C-9041-DA256C343C83} = {FE386556-03B5-341C-9041-DA256C343C83}
	EndProjectSection
EndProject
Project("{8BC9CEB8-8B4A-11D0-8D11-00A0C91BC942}") = "EmployeeCompletedTest", "EmployeeCompletedTest.vcxproj", "{98108B6E-CD4E-3292-98B3-2726A66FDC3A}"
	ProjectSection(ProjectDependencies) = postProject
		{D3C848BE-7A23-3F0B-9E9B-EA7B53EF85A5} = {D3C848BE-7A23-3F0B-9E9B-EA7B53EF85A5}
		{5D7F0FE5-B64C-3096-B6D0-4850F5FD1021} = {5D7F0FE5-B64C-3096-B6D0-4850F5FD1021}
		{FE386556-03B5-341C-9041-DA256C343C83} = {FE386556-03B5-341C-9041-DA256C343C83}
	EndProjectSection
EndProject
Project("{8BC9CEB8-8B4A-11D0-8D11-00A0C91BC942}") = "ZERO_CHECK", "..\..\\ZERO_CHECK.vcxproj", "{FE386556-03B5-341C-9041-DA256C343C83}"
	ProjectSection(ProjectDependencies) = postProject
	EndProjectSection
EndProject
Global
	GlobalSection(SolutionConfigurationPlatforms) = preSolution
		Debug|Win32 = Debug|Win32
		Release|Win32 = Release|Win32
		MinSizeRel|Win32 = MinSizeRel|Win32
		RelWithDebInfo|Win32 = RelWithDebInfo|Win32
	EndGlobalSection
	GlobalSection(ProjectConfigurationPlatforms) = postSolution
		{7591180D-9687-3AB9-A628-98E746C3D0F7}.Debug|Win32.ActiveCfg = Debug|Win32
		{7591180D-9687-3AB9-A628-98E746C3D0F7}.Release|Win32.ActiveCfg = Release|Win32
		{7591180D-9687-3AB9-A628-98E746C3D0F7}.MinSizeRel|Win32.ActiveCfg = MinSizeRel|Win32
		{7591180D-9687-3AB9-A628-98E746C3D0F7}.RelWithDebInfo|Win32.ActiveCfg = RelWithDebInfo|Win32
		{D3C848BE-7A23-3F0B-9E9B-EA7B53EF85A5}.Debug|Win32.ActiveCfg = Debug|Win32
		{D3C848BE-7A23-3F0B-9E9B-EA7B53EF85A5}.Debug|Win32.Build.0 = Debug|Win32
		{D3C848BE-7A23-3F0B-9E9B-EA7B53EF85A5}.Release|Win32.ActiveCfg = Release|Win32
		{D3C848BE-7A23-3F0B-9E9B-EA7B53EF85A5}.Release|Win32.Build.0 = Release|Win32
		{D3C848BE-7A23-3F0B-9E9B-EA7B53EF85A5}.MinSizeRel|Win32.ActiveCfg = MinSizeRel|Win32
		{D3C848BE-7A23-3F0B-9E9B-EA7B53EF85A5}.MinSizeRel|Win32.Build.0 = MinSizeRel|Win32
		{D3C848BE-7A23-3F0B-9E9B-EA7B53EF85A5}.RelWithDebInfo|Win32.ActiveCfg = RelWithDebInfo|Win32
		{D3C848BE-7A23-3F0B-9E9B-EA7B53EF85A5}.RelWithDebInfo|Win32.Build.0 = RelWithDebInfo|Win32
		{5D7F0FE5-B64C-3096-B6D0-4850F5FD1021}.Debug|Win32.ActiveCfg = Debug|Win32
		{5D7F0FE5-B64C-3096-B6D0-4850F5FD1021}.Debug|Win32.Build.0 = Debug|Win32
		{5D7F0FE5-B64C-3096-B6D0-4850F5FD1021}.Release|Win32.ActiveCfg = Release|Win32
		{5D7F0FE5-B64C-3096-B6D0-4850F5FD1021}.Release|Win32.Build.0 = Release|Win32
		{5D7F0FE5-B64C-3096-B6D0-4850F5FD1021}.MinSizeRel|Win32.ActiveCfg = MinSizeRel|Win32
		{5D7F0FE5-B64C-3096-B6D0-4850F5FD1021}.MinSizeRel|Win32.Build.0 = MinSizeRel|Win32
		{5D7F0FE5-B64C-3096-B6D0-4850F5FD1021}.RelWithDebInfo|Win32.ActiveCfg = RelWithDebInfo|Win32
		{5D7F0FE5-B64C-3096-B6D0-4850F5FD1021}.RelWithDebInfo|Win32.Build.0 = RelWithDebInfo|Win32
		{98108B6E-CD4E-3292-98B3-2726A66FDC3A}.Debug|Win32.ActiveCfg = Debug|Win32
		{98108B6E-CD4E-3292-98B3-2726A66FDC3A}.Debug|Win32.Build.0 = Debug|Win32
		{98108B6E-CD4E-3292-98B3-2726A66FDC3A}.Release|Win32.ActiveCfg = Release|Win32
		{98108B6E-CD4E-3292-98B3-2726A66FDC3A}.Release|Win32.Build.0 = Release|Win32
		{98108B6E-CD4E-3292-98B3-2726A66FDC3A}.MinSizeRel|Win32.ActiveCfg = MinSizeRel|Win32
		{98108B6E-CD4E-3292-98B3-2726A66FDC3A}.MinSizeRel|Win32.Build.0 = MinSizeRel|Win32
		{98108B6E-CD4E-3292-98B3-2726A66FDC3A}.RelWithDebInfo|Win32.ActiveCfg = RelWithDebInfo|Win32
		{98108B6E-CD4E-3292-98B3-2726A66FDC3A}.RelWithDebInfo|Win32.Build.0 = RelWithDebInfo|Win32
		{FE386556-03B5-341C-9041-DA256C343C83}.Debug|Win32.ActiveCfg = Debug|Win32
		{FE386556-03B5-341C-9041-DA256C343C83}.Debug|Win32.Build.0 = Debug|Win32
		{FE386556-03B5-341C-9041-DA256C343C83}.Release|Win32.ActiveCfg = Release|Win32
		{FE386556-03B5-341C-9041-DA256C343C83}.Release|Win32.Build.0 = Release|Win32
		{FE386556-03B5-341C-9041-DA256C343C83}.MinSizeRel|Win32.ActiveCfg = MinSizeRel|Win32
		{FE386556-03B5-341C-9041-DA256C343C83}.MinSizeRel|Win32.Build.0 = MinSizeRel|Win32
		{FE386556-03B5-341C-9041-DA256C343C83}.RelWithDebInfo|Win32.ActiveCfg = RelWithDebInfo|Win32
		{FE386556-03B5-341C-9041-DA256C343C83}.RelWithDebInfo|Win32.Build.0 = RelWithDebInfo|Win32
	EndGlobalSection
	GlobalSection(ExtensibilityGlobals) = postSolution
		SolutionGuid = {507DEDF1-5204-310C-A120-6B9F45905C49}
	EndGlobalSection
	GlobalSection(ExtensibilityAddIns) = postSolution
	EndGlobalSection
EndGlobal
